github.com/lcylpzls/errx v1.6.1 h1:qYCBKIoQhkTy7YbOKqYh6PMUcjgjqfXkyY0BnM6dPaI=
github.com/lcylpzls/errx v1.6.1/go.mod h1:XbDAi6/eu4PGoEN+3lPzDW8CkOMKPhKmqVCN2OITZbo=
github.com/lcylpzls/testx v1.5.1 h1:KhGcoLO2a29PPSevmmX42hm/YmjWiVlMn7suEev/MKM=
github.com/lcylpzls/testx v1.5.1/go.mod h1:sKGsKwNmJ/SAmrWdZO+4tot7RGilWKEuQLMpv3c3+cw=
github.com/lcylpzls/validx v1.3.1 h1:df65DaD5qUlZlnCVWdvxnihEURjqEdr8BUNJ35xCc4A=
github.com/lcylpzls/validx v1.3.1/go.mod h1:A72lUEFYJAfDC4H5HQfG8qI5Lg52EMhuOC0BNseBV00=
